
Microsoft Visual Studio Solution File, Format Version 12.00
Project("{F2A71F9B-5D33-465A-A702-920D77279786}") = "pilipala.frame", "pilipala.frame.fsproj", "{AD52AF28-2165-47C8-8905-2394BF58F14C}"
EndProject
Global
	GlobalSection(SolutionConfigurationPlatforms) = preSolution
		Debug|Any CPU = Debug|Any CPU
		Release|Any CPU = Release|Any CPU
	EndGlobalSection
	GlobalSection(ProjectConfigurationPlatforms) = postSolution
		{AD52AF28-2165-47C8-8905-2394BF58F14C}.Debug|Any CPU.ActiveCfg = Debug|Any CPU
		{AD52AF28-2165-47C8-8905-2394BF58F14C}.Debug|Any CPU.Build.0 = Debug|Any CPU
		{AD52AF28-2165-47C8-8905-2394BF58F14C}.Release|Any CPU.ActiveCfg = Release|Any CPU
		{AD52AF28-2165-47C8-8905-2394BF58F14C}.Release|Any CPU.Build.0 = Release|Any CPU
	EndGlobalSection
EndGlobal
